{
  "name": "smoke-test-sentry",
  "version": "1.0.0",
  "lockfileVersion": 1,
  "requires": true,
  "dependencies": {
    "@playwright/test": {
      "version": "1.35.1",
      "resolved": "https://registry.npmjs.org/@playwright/test/-/test-1.35.1.tgz",
      "integrity": "sha512-b5YoFe6J9exsMYg0pQAobNDR85T1nLumUYgUTtKm4d21iX2L7WqKq9dW8NGJ+2vX0etZd+Y7UeuqsxDXm9+5ZA==",
      "requires": {
        "@types/node": "*",
        "fsevents": "2.3.2",
        "playwright-core": "1.35.1"
      }
    },
    "@sentry/core": {
      "version": "6.13.2",
      "resolved": "https://registry.npmjs.org/@sentry/core/-/core-6.13.2.tgz",
      "integrity": "sha512-snXNNFLwlS7yYxKTX4DBXebvJK+6ikBWN6noQ1CHowvM3ReFBlrdrs0Z0SsSFEzXm2S4q7f6HHbm66GSQZ/8FQ==",
      "requires": {
        "@sentry/hub": "6.13.2",
        "@sentry/minimal": "6.13.2",
        "@sentry/types": "6.13.2",
        "@sentry/utils": "6.13.2",
        "tslib": "^1.9.3"
      }
    },
    "@sentry/hub": {
      "version": "6.13.2",
      "resolved": "https://registry.npmjs.org/@sentry/hub/-/hub-6.13.2.tgz",
      "integrity": "sha512-sppSuJdNMiMC/vFm/dQowCBh11uTrmvks00fc190YWgxHshodJwXMdpc+pN61VSOmy2QA4MbQ5aMAgHzPzel3A==",
      "requires": {
        "@sentry/types": "6.13.2",
        "@sentry/utils": "6.13.2",
        "tslib": "^1.9.3"
      }
    },
    "@sentry/minimal": {
      "version": "6.13.2",
      "resolved": "https://registry.npmjs.org/@sentry/minimal/-/minimal-6.13.2.tgz",
      "integrity": "sha512-6iJfEvHzzpGBHDfLxSHcGObh73XU1OSQKWjuhDOe7UQDyI4BQmTfcXAC+Fr8sm8C/tIsmpVi/XJhs8cubFdSMw==",
      "requires": {
        "@sentry/hub": "6.13.2",
        "@sentry/types": "6.13.2",
        "tslib": "^1.9.3"
      }
    },
    "@sentry/node": {
      "version": "6.13.2",
      "resolved": "https://registry.npmjs.org/@sentry/node/-/node-6.13.2.tgz",
      "integrity": "sha512-0Vw22amG143MTiNaSny66YGU3+uW7HxyGI9TLGE7aJY1nNmC0DE+OgqQYGBRCrrPu+VFXRDxrOg9b15A1gKqjA==",
      "requires": {
        "@sentry/core": "6.13.2",
        "@sentry/hub": "6.13.2",
        "@sentry/tracing": "6.13.2",
        "@sentry/types": "6.13.2",
        "@sentry/utils": "6.13.2",
        "cookie": "^0.4.1",
        "https-proxy-agent": "^5.0.0",
        "lru_map": "^0.3.3",
        "tslib": "^1.9.3"
      }
    },
    "@sentry/tracing": {
      "version": "6.13.2",
      "resolved": "https://registry.npmjs.org/@sentry/tracing/-/tracing-6.13.2.tgz",
      "integrity": "sha512-bHJz+C/nd6biWTNcYAu91JeRilsvVgaye4POkdzWSmD0XoLWHVMrpCQobGpXe7onkp2noU3YQjhqgtBqPHtnpw==",
      "requires": {
        "@sentry/hub": "6.13.2",
        "@sentry/minimal": "6.13.2",
        "@sentry/types": "6.13.2",
        "@sentry/utils": "6.13.2",
        "tslib": "^1.9.3"
      }
    },
    "@sentry/types": {
      "version": "6.13.2",
      "resolved": "https://registry.npmjs.org/@sentry/types/-/types-6.13.2.tgz",
      "integrity": "sha512-6WjGj/VjjN8LZDtqJH5ikeB1o39rO1gYS6anBxiS3d0sXNBb3Ux0pNNDFoBxQpOhmdDHXYS57MEptX9EV82gmg=="
    },
    "@sentry/utils": {
      "version": "6.13.2",
      "resolved": "https://registry.npmjs.org/@sentry/utils/-/utils-6.13.2.tgz",
      "integrity": "sha512-foF4PbxqPMWNbuqdXkdoOmKm3quu3PP7Q7j/0pXkri4DtCuvF/lKY92mbY0V9rHS/phCoj+3/Se5JvM2ymh2/w==",
      "requires": {
        "@sentry/types": "6.13.2",
        "tslib": "^1.9.3"
      }
    },
    "@types/node": {
      "version": "20.3.1",
      "resolved": "https://registry.npmjs.org/@types/node/-/node-20.3.1.tgz",
      "integrity": "sha512-EhcH/wvidPy1WeML3TtYFGR83UzjxeWRen9V402T8aUGYsCHOmfoisV3ZSg03gAFIbLq8TnWOJ0f4cALtnSEUg=="
    },
    "agent-base": {
      "version": "6.0.2",
      "resolved": "https://registry.npmjs.org/agent-base/-/agent-base-6.0.2.tgz",
      "integrity": "sha512-RZNwNclF7+MS/8bDg70amg32dyeZGZxiDuQmZxKLAlQjr3jGyLx+4Kkk58UO7D2QdgFIQCovuSuZESne6RG6XQ==",
      "requires": {
        "debug": "4"
      }
    },
    "cookie": {
      "version": "0.4.1",
      "resolved": "https://registry.npmjs.org/cookie/-/cookie-0.4.1.tgz",
      "integrity": "sha512-ZwrFkGJxUR3EIoXtO+yVE69Eb7KlixbaeAWfBQB9vVsNn/o+Yw69gBWSSDK825hQNdN+wF8zELf3dFNl/kxkUA=="
    },
    "debug": {
      "version": "4.3.2",
      "resolved": "https://registry.npmjs.org/debug/-/debug-4.3.2.tgz",
      "integrity": "sha512-mOp8wKcvj7XxC78zLgw/ZA+6TSgkoE2C/ienthhRD298T7UNwAg9diBpLRxC0mOezLl4B0xV7M0cCO6P/O0Xhw==",
      "requires": {
        "ms": "2.1.2"
      },
      "dependencies": {
        "ms": {
          "version": "2.1.2",
          "resolved": "https://registry.npmjs.org/ms/-/ms-2.1.2.tgz",
          "integrity": "sha512-sGkPx+VjMtmA6MX27oA4FBFELFCZZ4S4XqeGOXCv68tT+jb3vk/RyaKWP0PTKyWtmLSM0b+adUTEvbs1PEaH2w=="
        }
      }
    },
    "fsevents": {
      "version": "2.3.2",
      "resolved": "https://registry.npmjs.org/fsevents/-/fsevents-2.3.2.tgz",
      "integrity": "sha512-xiqMQR4xAeHTuB9uWm+fFRcIOgKBMiOBP+eXiyT7jsgVCq1bkVygt00oASowB7EdtpOHaaPgKt812P9ab+DDKA==",
      "optional": true
    },
    "https-proxy-agent": {
      "version": "5.0.0",
      "resolved": "https://registry.npmjs.org/https-proxy-agent/-/https-proxy-agent-5.0.0.tgz",
      "integrity": "sha512-EkYm5BcKUGiduxzSt3Eppko+PiNWNEpa4ySk9vTC6wDsQJW9rHSa+UhGNJoRYp7bz6Ht1eaRIa6QaJqO5rCFbA==",
      "requires": {
        "agent-base": "6",
        "debug": "4"
      }
    },
    "lru_map": {
      "version": "0.3.3",
      "resolved": "https://registry.npmjs.org/lru_map/-/lru_map-0.3.3.tgz",
      "integrity": "sha1-tcg1G5Rky9dQM1p5ZQoOwOVhGN0="
    },
    "playwright-core": {
      "version": "1.35.1",
      "resolved": "https://registry.npmjs.org/playwright-core/-/playwright-core-1.35.1.tgz",
      "integrity": "sha512-pNXb6CQ7OqmGDRspEjlxE49w+4YtR6a3X6mT1hZXeJHWmsEz7SunmvZeiG/+y1yyMZdHnnn73WKYdtV1er0Xyg=="
    },
    "tslib": {
      "version": "1.14.1",
      "resolved": "https://registry.npmjs.org/tslib/-/tslib-1.14.1.tgz",
      "integrity": "sha512-Xni35NKzjgMrwevysHTCArtLDpPvye8zV/0E4EyYn43P7/7qvQwPh9BGkHewbMulVntbigmcT7rdX3BNo9wRJg=="
    }
  }
}
